
Microsoft Visual Studio Solution File, Format Version 12.00
# Visual Studio Version 17
VisualStudioVersion = 17.0.31903.59
MinimumVisualStudioVersion = 10.0.40219.1
Project("{FAE04EC0-301F-11D3-BF4B-00C04F79EFBC}") = "MCInstaller.Console", "MCInstaller.Console\MCInstaller.Console.csproj", "{79A275D8-DCBE-4390-A885-B4FCFA523B8F}"
EndProject
Project("{FAE04EC0-301F-11D3-BF4B-00C04F79EFBC}") = "MCInstaller.Core", "MCInstaller.Core\MCInstaller.Core.csproj", "{9AC227B9-44FD-4A2F-9A2D-F5520AFE14C9}"
EndProject
Project("{FAE04EC0-301F-11D3-BF4B-00C04F79EFBC}") = "MCInstaller.Utilities", "MCInstaller.Utilities\MCInstaller.Utilities.csproj", "{3A154B81-9FAD-4CC0-993F-859C5A2DA469}"
EndProject
Project("{FAE04EC0-301F-11D3-BF4B-00C04F79EFBC}") = "MCInstaller.Instances", "MCInstaller.Instances\MCInstaller.Instances.csproj", "{F1EE2016-1442-490D-9A0E-6B40C17796D7}"
EndProject
Global
	GlobalSection(SolutionConfigurationPlatforms) = preSolution
		Debug|Any CPU = Debug|Any CPU
		Release|Any CPU = Release|Any CPU
	EndGlobalSection
	GlobalSection(SolutionProperties) = preSolution
		HideSolutionNode = FALSE
	EndGlobalSection
	GlobalSection(ProjectConfigurationPlatforms) = postSolution
		{79A275D8-DCBE-4390-A885-B4FCFA523B8F}.Debug|Any CPU.ActiveCfg = Debug|Any CPU
		{79A275D8-DCBE-4390-A885-B4FCFA523B8F}.Debug|Any CPU.Build.0 = Debug|Any CPU
		{79A275D8-DCBE-4390-A885-B4FCFA523B8F}.Release|Any CPU.ActiveCfg = Release|Any CPU
		{79A275D8-DCBE-4390-A885-B4FCFA523B8F}.Release|Any CPU.Build.0 = Release|Any CPU
		{9AC227B9-44FD-4A2F-9A2D-F5520AFE14C9}.Debug|Any CPU.ActiveCfg = Debug|Any CPU
		{9AC227B9-44FD-4A2F-9A2D-F5520AFE14C9}.Debug|Any CPU.Build.0 = Debug|Any CPU
		{9AC227B9-44FD-4A2F-9A2D-F5520AFE14C9}.Release|Any CPU.ActiveCfg = Release|Any CPU
		{9AC227B9-44FD-4A2F-9A2D-F5520AFE14C9}.Release|Any CPU.Build.0 = Release|Any CPU
		{3A154B81-9FAD-4CC0-993F-859C5A2DA469}.Debug|Any CPU.ActiveCfg = Debug|Any CPU
		{3A154B81-9FAD-4CC0-993F-859C5A2DA469}.Debug|Any CPU.Build.0 = Debug|Any CPU
		{3A154B81-9FAD-4CC0-993F-859C5A2DA469}.Release|Any CPU.ActiveCfg = Release|Any CPU
		{3A154B81-9FAD-4CC0-993F-859C5A2DA469}.Release|Any CPU.Build.0 = Release|Any CPU
		{F1EE2016-1442-490D-9A0E-6B40C17796D7}.Debug|Any CPU.ActiveCfg = Debug|Any CPU
		{F1EE2016-1442-490D-9A0E-6B40C17796D7}.Debug|Any CPU.Build.0 = Debug|Any CPU
		{F1EE2016-1442-490D-9A0E-6B40C17796D7}.Release|Any CPU.ActiveCfg = Release|Any CPU
		{F1EE2016-1442-490D-9A0E-6B40C17796D7}.Release|Any CPU.Build.0 = Release|Any CPU
	EndGlobalSection
EndGlobal
